
Microsoft Visual Studio Solution File, Format Version 12.00
# Visual Studio Version 16
VisualStudioVersion = 16.0.30225.117
MinimumVisualStudioVersion = 10.0.40219.1
Project("{8BC9CEB8-8B4A-11D0-8D11-00A0C91BC942}") = "acquisition", "acquisition.vcxproj", "{38C48C0D-76A5-4215-BAA3-5E0429FFF842}"
EndProject
Project("{8BC9CEB8-8B4A-11D0-8D11-00A0C91BC942}") = "continuous_acquisition", "continuous_acquisition.vcxproj", "{6F10F01E-0B40-4F05-819D-506C041D0EAE}"
EndProject
Global
	GlobalSection(SolutionConfigurationPlatforms) = preSolution
		Debug|Win32 = Debug|Win32
		Debug|x64 = Debug|x64
		Release|Win32 = Release|Win32
		Release|x64 = Release|x64
	EndGlobalSection
	GlobalSection(ProjectConfigurationPlatforms) = postSolution
		{38C48C0D-76A5-4215-BAA3-5E0429FFF842}.Debug|Win32.ActiveCfg = Debug|Win32
		{38C48C0D-76A5-4215-BAA3-5E0429FFF842}.Debug|Win32.Build.0 = Debug|Win32
		{38C48C0D-76A5-4215-BAA3-5E0429FFF842}.Debug|x64.ActiveCfg = Debug|x64
		{38C48C0D-76A5-4215-BAA3-5E0429FFF842}.Debug|x64.Build.0 = Debug|x64
		{38C48C0D-76A5-4215-BAA3-5E0429FFF842}.Release|Win32.ActiveCfg = Release|Win32
		{38C48C0D-76A5-4215-BAA3-5E0429FFF842}.Release|Win32.Build.0 = Release|Win32
		{38C48C0D-76A5-4215-BAA3-5E0429FFF842}.Release|x64.ActiveCfg = Release|x64
		{38C48C0D-76A5-4215-BAA3-5E0429FFF842}.Release|x64.Build.0 = Release|x64
		{6F10F01E-0B40-4F05-819D-506C041D0EAE}.Debug|Win32.ActiveCfg = Debug|Win32
		{6F10F01E-0B40-4F05-819D-506C041D0EAE}.Debug|Win32.Build.0 = Debug|Win32
		{6F10F01E-0B40-4F05-819D-506C041D0EAE}.Debug|x64.ActiveCfg = Debug|x64
		{6F10F01E-0B40-4F05-819D-506C041D0EAE}.Debug|x64.Build.0 = Debug|x64
		{6F10F01E-0B40-4F05-819D-506C041D0EAE}.Release|Win32.ActiveCfg = Release|Win32
		{6F10F01E-0B40-4F05-819D-506C041D0EAE}.Release|Win32.Build.0 = Release|Win32
		{6F10F01E-0B40-4F05-819D-506C041D0EAE}.Release|x64.ActiveCfg = Release|x64
		{6F10F01E-0B40-4F05-819D-506C041D0EAE}.Release|x64.Build.0 = Release|x64
	EndGlobalSection
	GlobalSection(SolutionProperties) = preSolution
		HideSolutionNode = FALSE
	EndGlobalSection
EndGlobal
